{
  "name": "quotegeneratorfc9d2c46",
  "version": "2.0.0",
  "lockfileVersion": 2,
  "requires": true,
  "packages": {
    "": {
      "name": "quotegeneratorfc9d2c46",
      "version": "2.0.0",
      "license": "Apache-2.0",
      "devDependencies": {
        "@types/aws-lambda": "^8.10.92"
      }
    },
    "node_modules/@types/aws-lambda": {
      "version": "8.10.123",
      "resolved": "https://registry.npmjs.org/@types/aws-lambda/-/aws-lambda-8.10.123.tgz",
      "integrity": "sha512-YBxxrA5fZzt1UFslJFBXH4AJUjkxu5ePv9RPjrpq5Tif5Xi2YhG3P8RAJfXXWL5/M6wPrlzlAMqaMM5ysci/EQ==",
      "dev": true
    }
  },
  "dependencies": {
    "@types/aws-lambda": {
      "version": "8.10.123",
      "resolved": "https://registry.npmjs.org/@types/aws-lambda/-/aws-lambda-8.10.123.tgz",
      "integrity": "sha512-YBxxrA5fZzt1UFslJFBXH4AJUjkxu5ePv9RPjrpq5Tif5Xi2YhG3P8RAJfXXWL5/M6wPrlzlAMqaMM5ysci/EQ==",
      "dev": true
    }
  }
}
